// !$*UTF8*$!
{
	archiveVersion = 1;
	classes = {
	};
	objectVersion = 51;
	objects = {

/* Begin PBXBuildFile section */
		1C0418F537EFED30D8D29449 /* Pods_LePla0418.framework in Frameworks */ = {isa = PBXBuildFile; fileRef = 2E566B6ADC7C9E09108BD167 /* Pods_LePla0418.framework */; };
		79108429244B0D5100FF78EC /* AppDelegate.swift in Sources */ = {isa = PBXBuildFile; fileRef = 79108428244B0D5100FF78EC /* AppDelegate.swift */; };
		7910842E244B0D5100FF78EC /* LePla0418.xcdatamodeld in Sources */ = {isa = PBXBuildFile; fileRef = 7910842C244B0D5100FF78EC /* LePla0418.xcdatamodeld */; };
		79108432244B0D5100FF78EC /* Assets.xcassets in Resources */ = {isa = PBXBuildFile; fileRef = 79108431244B0D5100FF78EC /* Assets.xcassets */; };
		79108435244B0D5100FF78EC /* Preview Assets.xcassets in Resources */ = {isa = PBXBuildFile; fileRef = 79108434244B0D5100FF78EC /* Preview Assets.xcassets */; };
		79108438244B0D5100FF78EC /* LaunchScreen.storyboard in Resources */ = {isa = PBXBuildFile; fileRef = 79108436244B0D5100FF78EC /* LaunchScreen.storyboard */; };
		79108443244B0D5100FF78EC /* LePla0418Tests.swift in Sources */ = {isa = PBXBuildFile; fileRef = 79108442244B0D5100FF78EC /* LePla0418Tests.swift */; };
		7910844E244B0D5100FF78EC /* LePla0418UITests.swift in Sources */ = {isa = PBXBuildFile; fileRef = 7910844D244B0D5100FF78EC /* LePla0418UITests.swift */; };
		7910845C244B0D8600FF78EC /* Main.storyboard in Resources */ = {isa = PBXBuildFile; fileRef = 7910845B244B0D8600FF78EC /* Main.storyboard */; };
		7910845E244B0D9600FF78EC /* ImDateViewController.swift in Sources */ = {isa = PBXBuildFile; fileRef = 7910845D244B0D9600FF78EC /* ImDateViewController.swift */; };
		79108461244B0F0B00FF78EC /* ImportantDayTableViewCell.swift in Sources */ = {isa = PBXBuildFile; fileRef = 7910845F244B0F0B00FF78EC /* ImportantDayTableViewCell.swift */; };
		79108462244B0F0B00FF78EC /* ImportantDayTableViewCell.xib in Resources */ = {isa = PBXBuildFile; fileRef = 79108460244B0F0B00FF78EC /* ImportantDayTableViewCell.xib */; };
		7916F490244B15800008686C /* AddDateViewController.swift in Sources */ = {isa = PBXBuildFile; fileRef = 7916F48F244B15800008686C /* AddDateViewController.swift */; };
		7916F494244BC5BC0008686C /* AddDate.swift in Sources */ = {isa = PBXBuildFile; fileRef = 7916F493244BC5BC0008686C /* AddDate.swift */; };
		7916F496244BC5CD0008686C /* UserDefaultsModel.swift in Sources */ = {isa = PBXBuildFile; fileRef = 7916F495244BC5CD0008686C /* UserDefaultsModel.swift */; };
		7916F498244BD70A0008686C /* ImDetailViewController.swift in Sources */ = {isa = PBXBuildFile; fileRef = 7916F497244BD70A0008686C /* ImDetailViewController.swift */; };
		7916F49B244BFF670008686C /* ImDetailViewController.storyboard in Resources */ = {isa = PBXBuildFile; fileRef = 7916F49A244BFF670008686C /* ImDetailViewController.storyboard */; };
		7938094A244C489F00604269 /* HomeViewController.swift in Sources */ = {isa = PBXBuildFile; fileRef = 79380949244C489F00604269 /* HomeViewController.swift */; };
		7938094C244C601300604269 /* AddPlanTableViewController.swift in Sources */ = {isa = PBXBuildFile; fileRef = 7938094B244C601300604269 /* AddPlanTableViewController.swift */; };
		7963A9FA2459019A000EDA00 /* Event.swift in Sources */ = {isa = PBXBuildFile; fileRef = 7963A9F92459019A000EDA00 /* Event.swift */; };
		79D1C47A244C66480053E649 /* PlanTableViewCell.swift in Sources */ = {isa = PBXBuildFile; fileRef = 79D1C478244C66480053E649 /* PlanTableViewCell.swift */; };
		79D1C47B244C66480053E649 /* PlanTableViewCell.xib in Resources */ = {isa = PBXBuildFile; fileRef = 79D1C479244C66480053E649 /* PlanTableViewCell.xib */; };
		79D1C47D244C67270053E649 /* AddPlan.swift in Sources */ = {isa = PBXBuildFile; fileRef = 79D1C47C244C67270053E649 /* AddPlan.swift */; };
		79D1C47F244C67460053E649 /* PlanUserDefaultsModel.swift in Sources */ = {isa = PBXBuildFile; fileRef = 79D1C47E244C67460053E649 /* PlanUserDefaultsModel.swift */; };
		79D1C484244DB2020053E649 /* PlanDetailViewController.swift in Sources */ = {isa = PBXBuildFile; fileRef = 79D1C483244DB2020053E649 /* PlanDetailViewController.swift */; };
		79D1C486244DB2110053E649 /* PlanDetailViewController.storyboard in Resources */ = {isa = PBXBuildFile; fileRef = 79D1C485244DB2110053E649 /* PlanDetailViewController.storyboard */; };
		F8865E7474070C94AA587122 /* Pods_LePla0418Tests.framework in Frameworks */ = {isa = PBXBuildFile; fileRef = 3D93B1A3CEBC2E3B327D3121 /* Pods_LePla0418Tests.framework */; };
		FBFE8148894A4CBD07663FB4 /* Pods_LePla0418_LePla0418UITests.framework in Frameworks */ = {isa = PBXBuildFile; fileRef = 760BDA5FF5CEDF08C5218B47 /* Pods_LePla0418_LePla0418UITests.framework */; };
/* End PBXBuildFile section */

/* Begin PBXContainerItemProxy section */
		7910843F244B0D5100FF78EC /* PBXContainerItemProxy */ = {
			isa = PBXContainerItemProxy;
			containerPortal = 7910841D244B0D5100FF78EC /* Project object */;
			proxyType = 1;
			remoteGlobalIDString = 79108424244B0D5100FF78EC;
			remoteInfo = LePla0418;
		};
		7910844A244B0D5100FF78EC /* PBXContainerItemProxy */ = {
			isa = PBXContainerItemProxy;
			containerPortal = 7910841D244B0D5100FF78EC /* Project object */;
			proxyType = 1;
			remoteGlobalIDString = 79108424244B0D5100FF78EC;
			remoteInfo = LePla0418;
		};
/* End PBXContainerItemProxy section */

/* Begin PBXFileReference section */
		0B366F338D69BEFBE9505458 /* Pods-LePla0418Tests.debug.xcconfig */ = {isa = PBXFileReference; includeInIndex = 1; lastKnownFileType = text.xcconfig; name = "Pods-LePla0418Tests.debug.xcconfig"; path = "Target Support Files/Pods-LePla0418Tests/Pods-LePla0418Tests.debug.xcconfig"; sourceTree = "<group>"; };
		2E566B6ADC7C9E09108BD167 /* Pods_LePla0418.framework */ = {isa = PBXFileReference; explicitFileType = wrapper.framework; includeInIndex = 0; path = Pods_LePla0418.framework; sourceTree = BUILT_PRODUCTS_DIR; };
		3D93B1A3CEBC2E3B327D3121 /* Pods_LePla0418Tests.framework */ = {isa = PBXFileReference; explicitFileType = wrapper.framework; includeInIndex = 0; path = Pods_LePla0418Tests.framework; sourceTree = BUILT_PRODUCTS_DIR; };
		59A78C7938660D3D23DAEF96 /* Pods-LePla0418-LePla0418UITests.release.xcconfig */ = {isa = PBXFileReference; includeInIndex = 1; lastKnownFileType = text.xcconfig; name = "Pods-LePla0418-LePla0418UITests.release.xcconfig"; path = "Target Support Files/Pods-LePla0418-LePla0418UITests/Pods-LePla0418-LePla0418UITests.release.xcconfig"; sourceTree = "<group>"; };
		62815A08B6109DFC0C345B43 /* Pods-LePla0418-LePla0418UITests.debug.xcconfig */ = {isa = PBXFileReference; includeInIndex = 1; lastKnownFileType = text.xcconfig; name = "Pods-LePla0418-LePla0418UITests.debug.xcconfig"; path = "Target Support Files/Pods-LePla0418-LePla0418UITests/Pods-LePla0418-LePla0418UITests.debug.xcconfig"; sourceTree = "<group>"; };
		760BDA5FF5CEDF08C5218B47 /* Pods_LePla0418_LePla0418UITests.framework */ = {isa = PBXFileReference; explicitFileType = wrapper.framework; includeInIndex = 0; path = Pods_LePla0418_LePla0418UITests.framework; sourceTree = BUILT_PRODUCTS_DIR; };
		79108425244B0D5100FF78EC /* LePla0418.app */ = {isa = PBXFileReference; explicitFileType = wrapper.application; includeInIndex = 0; path = LePla0418.app; sourceTree = BUILT_PRODUCTS_DIR; };
		79108428244B0D5100FF78EC /* AppDelegate.swift */ = {isa = PBXFileReference; lastKnownFileType = sourcecode.swift; path = AppDelegate.swift; sourceTree = "<group>"; };
		7910842D244B0D5100FF78EC /* LePla0418.xcdatamodel */ = {isa = PBXFileReference; lastKnownFileType = wrapper.xcdatamodel; path = LePla0418.xcdatamodel; sourceTree = "<group>"; };
		79108431244B0D5100FF78EC /* Assets.xcassets */ = {isa = PBXFileReference; lastKnownFileType = folder.assetcatalog; path = Assets.xcassets; sourceTree = "<group>"; };
		79108434244B0D5100FF78EC /* Preview Assets.xcassets */ = {isa = PBXFileReference; lastKnownFileType = folder.assetcatalog; path = "Preview Assets.xcassets"; sourceTree = "<group>"; };
		79108437244B0D5100FF78EC /* Base */ = {isa = PBXFileReference; lastKnownFileType = file.storyboard; name = Base; path = Base.lproj/LaunchScreen.storyboard; sourceTree = "<group>"; };
		79108439244B0D5100FF78EC /* Info.plist */ = {isa = PBXFileReference; lastKnownFileType = text.plist.xml; path = Info.plist; sourceTree = "<group>"; };
		7910843E244B0D5100FF78EC /* LePla0418Tests.xctest */ = {isa = PBXFileReference; explicitFileType = wrapper.cfbundle; includeInIndex = 0; path = LePla0418Tests.xctest; sourceTree = BUILT_PRODUCTS_DIR; };
		79108442244B0D5100FF78EC /* LePla0418Tests.swift */ = {isa = PBXFileReference; lastKnownFileType = sourcecode.swift; path = LePla0418Tests.swift; sourceTree = "<group>"; };
		79108444244B0D5100FF78EC /* Info.plist */ = {isa = PBXFileReference; lastKnownFileType = text.plist.xml; path = Info.plist; sourceTree = "<group>"; };
		79108449244B0D5100FF78EC /* LePla0418UITests.xctest */ = {isa = PBXFileReference; explicitFileType = wrapper.cfbundle; includeInIndex = 0; path = LePla0418UITests.xctest; sourceTree = BUILT_PRODUCTS_DIR; };
		7910844D244B0D5100FF78EC /* LePla0418UITests.swift */ = {isa = PBXFileReference; lastKnownFileType = sourcecode.swift; path = LePla0418UITests.swift; sourceTree = "<group>"; };
		7910844F244B0D5100FF78EC /* Info.plist */ = {isa = PBXFileReference; lastKnownFileType = text.plist.xml; path = Info.plist; sourceTree = "<group>"; };
		7910845B244B0D8600FF78EC /* Main.storyboard */ = {isa = PBXFileReference; lastKnownFileType = file.storyboard; path = Main.storyboard; sourceTree = "<group>"; };
		7910845D244B0D9600FF78EC /* ImDateViewController.swift */ = {isa = PBXFileReference; lastKnownFileType = sourcecode.swift; path = ImDateViewController.swift; sourceTree = "<group>"; };
		7910845F244B0F0B00FF78EC /* ImportantDayTableViewCell.swift */ = {isa = PBXFileReference; lastKnownFileType = sourcecode.swift; path = ImportantDayTableViewCell.swift; sourceTree = "<group>"; };
		79108460244B0F0B00FF78EC /* ImportantDayTableViewCell.xib */ = {isa = PBXFileReference; lastKnownFileType = file.xib; path = ImportantDayTableViewCell.xib; sourceTree = "<group>"; };
		7916F48F244B15800008686C /* AddDateViewController.swift */ = {isa = PBXFileReference; lastKnownFileType = sourcecode.swift; path = AddDateViewController.swift; sourceTree = "<group>"; };
		7916F493244BC5BC0008686C /* AddDate.swift */ = {isa = PBXFileReference; lastKnownFileType = sourcecode.swift; path = AddDate.swift; sourceTree = "<group>"; };
		7916F495244BC5CD0008686C /* UserDefaultsModel.swift */ = {isa = PBXFileReference; lastKnownFileType = sourcecode.swift; path = UserDefaultsModel.swift; sourceTree = "<group>"; };
		7916F497244BD70A0008686C /* ImDetailViewController.swift */ = {isa = PBXFileReference; lastKnownFileType = sourcecode.swift; path = ImDetailViewController.swift; sourceTree = "<group>"; };
		7916F49A244BFF670008686C /* ImDetailViewController.storyboard */ = {isa = PBXFileReference; lastKnownFileType = file.storyboard; path = ImDetailViewController.storyboard; sourceTree = "<group>"; };
		79380949244C489F00604269 /* HomeViewController.swift */ = {isa = PBXFileReference; lastKnownFileType = sourcecode.swift; path = HomeViewController.swift; sourceTree = "<group>"; };
		7938094B244C601300604269 /* AddPlanTableViewController.swift */ = {isa = PBXFileReference; lastKnownFileType = sourcecode.swift; path = AddPlanTableViewController.swift; sourceTree = "<group>"; };
		7963A9F92459019A000EDA00 /* Event.swift */ = {isa = PBXFileReference; lastKnownFileType = sourcecode.swift; path = Event.swift; sourceTree = "<group>"; };
		79D1C478244C66480053E649 /* PlanTableViewCell.swift */ = {isa = PBXFileReference; lastKnownFileType = sourcecode.swift; path = PlanTableViewCell.swift; sourceTree = "<group>"; };
		79D1C479244C66480053E649 /* PlanTableViewCell.xib */ = {isa = PBXFileReference; lastKnownFileType = file.xib; path = PlanTableViewCell.xib; sourceTree = "<group>"; };
		79D1C47C244C67270053E649 /* AddPlan.swift */ = {isa = PBXFileReference; lastKnownFileType = sourcecode.swift; path = AddPlan.swift; sourceTree = "<group>"; };
		79D1C47E244C67460053E649 /* PlanUserDefaultsModel.swift */ = {isa = PBXFileReference; lastKnownFileType = sourcecode.swift; path = PlanUserDefaultsModel.swift; sourceTree = "<group>"; };
		79D1C483244DB2020053E649 /* PlanDetailViewController.swift */ = {isa = PBXFileReference; lastKnownFileType = sourcecode.swift; path = PlanDetailViewController.swift; sourceTree = "<group>"; };
		79D1C485244DB2110053E649 /* PlanDetailViewController.storyboard */ = {isa = PBXFileReference; lastKnownFileType = file.storyboard; path = PlanDetailViewController.storyboard; sourceTree = "<group>"; };
		AE285874D45D3557100CD793 /* Pods-LePla0418Tests.release.xcconfig */ = {isa = PBXFileReference; includeInIndex = 1; lastKnownFileType = text.xcconfig; name = "Pods-LePla0418Tests.release.xcconfig"; path = "Target Support Files/Pods-LePla0418Tests/Pods-LePla0418Tests.release.xcconfig"; sourceTree = "<group>"; };
		B108028BC52ACF01C8A118AA /* Pods-LePla0418.release.xcconfig */ = {isa = PBXFileReference; includeInIndex = 1; lastKnownFileType = text.xcconfig; name = "Pods-LePla0418.release.xcconfig"; path = "Target Support Files/Pods-LePla0418/Pods-LePla0418.release.xcconfig"; sourceTree = "<group>"; };
		BC431E0FF9604DE709194578 /* Pods-LePla0418.debug.xcconfig */ = {isa = PBXFileReference; includeInIndex = 1; lastKnownFileType = text.xcconfig; name = "Pods-LePla0418.debug.xcconfig"; path = "Target Support Files/Pods-LePla0418/Pods-LePla0418.debug.xcconfig"; sourceTree = "<group>"; };
/* End PBXFileReference section */

/* Begin PBXFrameworksBuildPhase section */
		79108422244B0D5100FF78EC /* Frameworks */ = {
			isa = PBXFrameworksBuildPhase;
			buildActionMask = 2147483647;
			files = (
				1C0418F537EFED30D8D29449 /* Pods_LePla0418.framework in Frameworks */,
			);
			runOnlyForDeploymentPostprocessing = 0;
		};
		7910843B244B0D5100FF78EC /* Frameworks */ = {
			isa = PBXFrameworksBuildPhase;
			buildActionMask = 2147483647;
			files = (
				F8865E7474070C94AA587122 /* Pods_LePla0418Tests.framework in Frameworks */,
			);
			runOnlyForDeploymentPostprocessing = 0;
		};
		79108446244B0D5100FF78EC /* Frameworks */ = {
			isa = PBXFrameworksBuildPhase;
			buildActionMask = 2147483647;
			files = (
				FBFE8148894A4CBD07663FB4 /* Pods_LePla0418_LePla0418UITests.framework in Frameworks */,
			);
			runOnlyForDeploymentPostprocessing = 0;
		};
/* End PBXFrameworksBuildPhase section */

/* Begin PBXGroup section */
		43A6E06F92F3C301F69B9D95 /* Pods */ = {
			isa = PBXGroup;
			children = (
				BC431E0FF9604DE709194578 /* Pods-LePla0418.debug.xcconfig */,
				B108028BC52ACF01C8A118AA /* Pods-LePla0418.release.xcconfig */,
				62815A08B6109DFC0C345B43 /* Pods-LePla0418-LePla0418UITests.debug.xcconfig */,
				59A78C7938660D3D23DAEF96 /* Pods-LePla0418-LePla0418UITests.release.xcconfig */,
				0B366F338D69BEFBE9505458 /* Pods-LePla0418Tests.debug.xcconfig */,
				AE285874D45D3557100CD793 /* Pods-LePla0418Tests.release.xcconfig */,
			);
			path = Pods;
			sourceTree = "<group>";
		};
		6CFD047CB746B3BF07BB7B6A /* Frameworks */ = {
			isa = PBXGroup;
			children = (
				2E566B6ADC7C9E09108BD167 /* Pods_LePla0418.framework */,
				760BDA5FF5CEDF08C5218B47 /* Pods_LePla0418_LePla0418UITests.framework */,
				3D93B1A3CEBC2E3B327D3121 /* Pods_LePla0418Tests.framework */,
			);
			name = Frameworks;
			sourceTree = "<group>";
		};
		7910841C244B0D5100FF78EC = {
			isa = PBXGroup;
			children = (
				79108427244B0D5100FF78EC /* LePla0418 */,
				79108441244B0D5100FF78EC /* LePla0418Tests */,
				7910844C244B0D5100FF78EC /* LePla0418UITests */,
				79108426244B0D5100FF78EC /* Products */,
				43A6E06F92F3C301F69B9D95 /* Pods */,
				6CFD047CB746B3BF07BB7B6A /* Frameworks */,
			);
			sourceTree = "<group>";
		};
		79108426244B0D5100FF78EC /* Products */ = {
			isa = PBXGroup;
			children = (
				79108425244B0D5100FF78EC /* LePla0418.app */,
				7910843E244B0D5100FF78EC /* LePla0418Tests.xctest */,
				79108449244B0D5100FF78EC /* LePla0418UITests.xctest */,
			);
			name = Products;
			sourceTree = "<group>";
		};
		79108427244B0D5100FF78EC /* LePla0418 */ = {
			isa = PBXGroup;
			children = (
				79108428244B0D5100FF78EC /* AppDelegate.swift */,
				7916F491244BC5990008686C /* Models */,
				79108463244B0F0E00FF78EC /* Cell */,
				79108464244B0F1E00FF78EC /* ViewController */,
				79108431244B0D5100FF78EC /* Assets.xcassets */,
				7910845B244B0D8600FF78EC /* Main.storyboard */,
				79108436244B0D5100FF78EC /* LaunchScreen.storyboard */,
				79108439244B0D5100FF78EC /* Info.plist */,
				7910842C244B0D5100FF78EC /* LePla0418.xcdatamodeld */,
				79108433244B0D5100FF78EC /* Preview Content */,
			);
			path = LePla0418;
			sourceTree = "<group>";
		};
		79108433244B0D5100FF78EC /* Preview Content */ = {
			isa = PBXGroup;
			children = (
				79108434244B0D5100FF78EC /* Preview Assets.xcassets */,
			);
			path = "Preview Content";
			sourceTree = "<group>";
		};
		79108441244B0D5100FF78EC /* LePla0418Tests */ = {
			isa = PBXGroup;
			children = (
				79108442244B0D5100FF78EC /* LePla0418Tests.swift */,
				79108444244B0D5100FF78EC /* Info.plist */,
			);
			path = LePla0418Tests;
			sourceTree = "<group>";
		};
		7910844C244B0D5100FF78EC /* LePla0418UITests */ = {
			isa = PBXGroup;
			children = (
				7910844D244B0D5100FF78EC /* LePla0418UITests.swift */,
				7910844F244B0D5100FF78EC /* Info.plist */,
			);
			path = LePla0418UITests;
			sourceTree = "<group>";
		};
		79108463244B0F0E00FF78EC /* Cell */ = {
			isa = PBXGroup;
			children = (
				7910845F244B0F0B00FF78EC /* ImportantDayTableViewCell.swift */,
				79108460244B0F0B00FF78EC /* ImportantDayTableViewCell.xib */,
				79D1C478244C66480053E649 /* PlanTableViewCell.swift */,
				79D1C479244C66480053E649 /* PlanTableViewCell.xib */,
			);
			path = Cell;
			sourceTree = "<group>";
		};
		79108464244B0F1E00FF78EC /* ViewController */ = {
			isa = PBXGroup;
			children = (
				79380948244C489300604269 /* Home */,
				79380947244C488400604269 /* ImportantDay */,
				79D1C482244DB1E80053E649 /* PlanDetail */,
			);
			path = ViewController;
			sourceTree = "<group>";
		};
		7916F491244BC5990008686C /* Models */ = {
			isa = PBXGroup;
			children = (
				7916F493244BC5BC0008686C /* AddDate.swift */,
				79D1C47C244C67270053E649 /* AddPlan.swift */,
				7963A9F92459019A000EDA00 /* Event.swift */,
				7916F492244BC5A10008686C /* UserDefaultsModel */,
			);
			path = Models;
			sourceTree = "<group>";
		};
		7916F492244BC5A10008686C /* UserDefaultsModel */ = {
			isa = PBXGroup;
			children = (
				7916F495244BC5CD0008686C /* UserDefaultsModel.swift */,
				79D1C47E244C67460053E649 /* PlanUserDefaultsModel.swift */,
			);
			path = UserDefaultsModel;
			sourceTree = "<group>";
		};
		7916F499244BFF4B0008686C /* AddDateDetail */ = {
			isa = PBXGroup;
			children = (
				7916F497244BD70A0008686C /* ImDetailViewController.swift */,
				7916F49A244BFF670008686C /* ImDetailViewController.storyboard */,
			);
			path = AddDateDetail;
			sourceTree = "<group>";
		};
		79380947244C488400604269 /* ImportantDay */ = {
			isa = PBXGroup;
			children = (
				7910845D244B0D9600FF78EC /* ImDateViewController.swift */,
				7916F48F244B15800008686C /* AddDateViewController.swift */,
				7916F499244BFF4B0008686C /* AddDateDetail */,
			);
			path = ImportantDay;
			sourceTree = "<group>";
		};
		79380948244C489300604269 /* Home */ = {
			isa = PBXGroup;
			children = (
				79380949244C489F00604269 /* HomeViewController.swift */,
				7938094B244C601300604269 /* AddPlanTableViewController.swift */,
			);
			path = Home;
			sourceTree = "<group>";
		};
		79D1C482244DB1E80053E649 /* PlanDetail */ = {
			isa = PBXGroup;
			children = (
				79D1C483244DB2020053E649 /* PlanDetailViewController.swift */,
				79D1C485244DB2110053E649 /* PlanDetailViewController.storyboard */,
			);
			path = PlanDetail;
			sourceTree = "<group>";
		};
/* End PBXGroup section */

/* Begin PBXNativeTarget section */
		79108424244B0D5100FF78EC /* LePla0418 */ = {
			isa = PBXNativeTarget;
			buildConfigurationList = 79108452244B0D5200FF78EC /* Build configuration list for PBXNativeTarget "LePla0418" */;
			buildPhases = (
				2A4ECFADBF8ACBC9102BE59E /* [CP] Check Pods Manifest.lock */,
				79108421244B0D5100FF78EC /* Sources */,
				79108422244B0D5100FF78EC /* Frameworks */,
				79108423244B0D5100FF78EC /* Resources */,
				67F7186C6E3C5EEA96B46BB7 /* [CP] Embed Pods Frameworks */,
			);
			buildRules = (
			);
			dependencies = (
			);
			name = LePla0418;
			productName = LePla0418;
			productReference = 79108425244B0D5100FF78EC /* LePla0418.app */;
			productType = "com.apple.product-type.application";
		};
		7910843D244B0D5100FF78EC /* LePla0418Tests */ = {
			isa = PBXNativeTarget;
			buildConfigurationList = 79108455244B0D5200FF78EC /* Build configuration list for PBXNativeTarget "LePla0418Tests" */;
			buildPhases = (
				00963F2A57C53372C898C477 /* [CP] Check Pods Manifest.lock */,
				7910843A244B0D5100FF78EC /* Sources */,
				7910843B244B0D5100FF78EC /* Frameworks */,
				7910843C244B0D5100FF78EC /* Resources */,
			);
			buildRules = (
			);
			dependencies = (
				79108440244B0D5100FF78EC /* PBXTargetDependency */,
			);
			name = LePla0418Tests;
			productName = LePla0418Tests;
			productReference = 7910843E244B0D5100FF78EC /* LePla0418Tests.xctest */;
			productType = "com.apple.product-type.bundle.unit-test";
		};
		79108448244B0D5100FF78EC /* LePla0418UITests */ = {
			isa = PBXNativeTarget;
			buildConfigurationList = 79108458244B0D5200FF78EC /* Build configuration list for PBXNativeTarget "LePla0418UITests" */;
			buildPhases = (
				FE9ADCDF7D2E9C7389691521 /* [CP] Check Pods Manifest.lock */,
				79108445244B0D5100FF78EC /* Sources */,
				79108446244B0D5100FF78EC /* Frameworks */,
				79108447244B0D5100FF78EC /* Resources */,
				35B6842F878405E1200F030D /* [CP] Embed Pods Frameworks */,
			);
			buildRules = (
			);
			dependencies = (
				7910844B244B0D5100FF78EC /* PBXTargetDependency */,
			);
			name = LePla0418UITests;
			productName = LePla0418UITests;
			productReference = 79108449244B0D5100FF78EC /* LePla0418UITests.xctest */;
			productType = "com.apple.product-type.bundle.ui-testing";
		};
/* End PBXNativeTarget section */

/* Begin PBXProject section */
		7910841D244B0D5100FF78EC /* Project object */ = {
			isa = PBXProject;
			attributes = {
				LastSwiftUpdateCheck = 1130;
				LastUpgradeCheck = 1130;
				ORGANIZATIONNAME = com.litech;
				TargetAttributes = {
					79108424244B0D5100FF78EC = {
						CreatedOnToolsVersion = 11.3.1;
					};
					7910843D244B0D5100FF78EC = {
						CreatedOnToolsVersion = 11.3.1;
						TestTargetID = 79108424244B0D5100FF78EC;
					};
					79108448244B0D5100FF78EC = {
						CreatedOnToolsVersion = 11.3.1;
						TestTargetID = 79108424244B0D5100FF78EC;
					};
				};
			};
			buildConfigurationList = 79108420244B0D5100FF78EC /* Build configuration list for PBXProject "LePla0418" */;
			compatibilityVersion = "Xcode 9.3";
			developmentRegion = en;
			hasScannedForEncodings = 0;
			knownRegions = (
				en,
				Base,
			);
			mainGroup = 7910841C244B0D5100FF78EC;
			productRefGroup = 79108426244B0D5100FF78EC /* Products */;
			projectDirPath = "";
			projectRoot = "";
			targets = (
				79108424244B0D5100FF78EC /* LePla0418 */,
				7910843D244B0D5100FF78EC /* LePla0418Tests */,
				79108448244B0D5100FF78EC /* LePla0418UITests */,
			);
		};
/* End PBXProject section */

/* Begin PBXResourcesBuildPhase section */
		79108423244B0D5100FF78EC /* Resources */ = {
			isa = PBXResourcesBuildPhase;
			buildActionMask = 2147483647;
			files = (
				79D1C47B244C66480053E649 /* PlanTableViewCell.xib in Resources */,
				7916F49B244BFF670008686C /* ImDetailViewController.storyboard in Resources */,
				79108438244B0D5100FF78EC /* LaunchScreen.storyboard in Resources */,
				79108435244B0D5100FF78EC /* Preview Assets.xcassets in Resources */,
				79108462244B0F0B00FF78EC /* ImportantDayTableViewCell.xib in Resources */,
				79108432244B0D5100FF78EC /* Assets.xcassets in Resources */,
				7910845C244B0D8600FF78EC /* Main.storyboard in Resources */,
				79D1C486244DB2110053E649 /* PlanDetailViewController.storyboard in Resources */,
			);
			runOnlyForDeploymentPostprocessing = 0;
		};
		7910843C244B0D5100FF78EC /* Resources */ = {
			isa = PBXResourcesBuildPhase;
			buildActionMask = 2147483647;
			files = (
			);
			runOnlyForDeploymentPostprocessing = 0;
		};
		79108447244B0D5100FF78EC /* Resources */ = {
			isa = PBXResourcesBuildPhase;
			buildActionMask = 2147483647;
			files = (
			);
			runOnlyForDeploymentPostprocessing = 0;
		};
/* End PBXResourcesBuildPhase section */

/* Begin PBXShellScriptBuildPhase section */
		00963F2A57C53372C898C477 /* [CP] Check Pods Manifest.lock */ = {
			isa = PBXShellScriptBuildPhase;
			buildActionMask = 2147483647;
			files = (
			);
			inputFileListPaths = (
			);
			inputPaths = (
				"${PODS_PODFILE_DIR_PATH}/Podfile.lock",
				"${PODS_ROOT}/Manifest.lock",
			);
			name = "[CP] Check Pods Manifest.lock";
			outputFileListPaths = (
			);
			outputPaths = (
				"$(DERIVED_FILE_DIR)/Pods-LePla0418Tests-checkManifestLockResult.txt",
			);
			runOnlyForDeploymentPostprocessing = 0;
			shellPath = /bin/sh;
			shellScript = "diff \"${PODS_PODFILE_DIR_PATH}/Podfile.lock\" \"${PODS_ROOT}/Manifest.lock\" > /dev/null\nif [ $? != 0 ] ; then\n    # print error to STDERR\n    echo \"error: The sandbox is not in sync with the Podfile.lock. Run 'pod install' or update your CocoaPods installation.\" >&2\n    exit 1\nfi\n# This output is used by Xcode 'outputs' to avoid re-running this script phase.\necho \"SUCCESS\" > \"${SCRIPT_OUTPUT_FILE_0}\"\n";
			showEnvVarsInLog = 0;
		};
		2A4ECFADBF8ACBC9102BE59E /* [CP] Check Pods Manifest.lock */ = {
			isa = PBXShellScriptBuildPhase;
			buildActionMask = 2147483647;
			files = (
			);
			inputFileListPaths = (
			);
			inputPaths = (
				"${PODS_PODFILE_DIR_PATH}/Podfile.lock",
				"${PODS_ROOT}/Manifest.lock",
			);
			name = "[CP] Check Pods Manifest.lock";
			outputFileListPaths = (
			);
			outputPaths = (
				"$(DERIVED_FILE_DIR)/Pods-LePla0418-checkManifestLockResult.txt",
			);
			runOnlyForDeploymentPostprocessing = 0;
			shellPath = /bin/sh;
			shellScript = "diff \"${PODS_PODFILE_DIR_PATH}/Podfile.lock\" \"${PODS_ROOT}/Manifest.lock\" > /dev/null\nif [ $? != 0 ] ; then\n    # print error to STDERR\n    echo \"error: The sandbox is not in sync with the Podfile.lock. Run 'pod install' or update your CocoaPods installation.\" >&2\n    exit 1\nfi\n# This output is used by Xcode 'outputs' to avoid re-running this script phase.\necho \"SUCCESS\" > \"${SCRIPT_OUTPUT_FILE_0}\"\n";
			showEnvVarsInLog = 0;
		};
		35B6842F878405E1200F030D /* [CP] Embed Pods Frameworks */ = {
			isa = PBXShellScriptBuildPhase;
			buildActionMask = 2147483647;
			files = (
			);
			inputFileListPaths = (
				"${PODS_ROOT}/Target Support Files/Pods-LePla0418-LePla0418UITests/Pods-LePla0418-LePla0418UITests-frameworks-${CONFIGURATION}-input-files.xcfilelist",
			);
			name = "[CP] Embed Pods Frameworks";
			outputFileListPaths = (
				"${PODS_ROOT}/Target Support Files/Pods-LePla0418-LePla0418UITests/Pods-LePla0418-LePla0418UITests-frameworks-${CONFIGURATION}-output-files.xcfilelist",
			);
			runOnlyForDeploymentPostprocessing = 0;
			shellPath = /bin/sh;
			shellScript = "\"${PODS_ROOT}/Target Support Files/Pods-LePla0418-LePla0418UITests/Pods-LePla0418-LePla0418UITests-frameworks.sh\"\n";
			showEnvVarsInLog = 0;
		};
		67F7186C6E3C5EEA96B46BB7 /* [CP] Embed Pods Frameworks */ = {
			isa = PBXShellScriptBuildPhase;
			buildActionMask = 2147483647;
			files = (
			);
			inputFileListPaths = (
				"${PODS_ROOT}/Target Support Files/Pods-LePla0418/Pods-LePla0418-frameworks-${CONFIGURATION}-input-files.xcfilelist",
			);
			name = "[CP] Embed Pods Frameworks";
			outputFileListPaths = (
				"${PODS_ROOT}/Target Support Files/Pods-LePla0418/Pods-LePla0418-frameworks-${CONFIGURATION}-output-files.xcfilelist",
			);
			runOnlyForDeploymentPostprocessing = 0;
			shellPath = /bin/sh;
			shellScript = "\"${PODS_ROOT}/Target Support Files/Pods-LePla0418/Pods-LePla0418-frameworks.sh\"\n";
			showEnvVarsInLog = 0;
		};
		FE9ADCDF7D2E9C7389691521 /* [CP] Check Pods Manifest.lock */ = {
			isa = PBXShellScriptBuildPhase;
			buildActionMask = 2147483647;
			files = (
			);
			inputFileListPaths = (
			);
			inputPaths = (
				"${PODS_PODFILE_DIR_PATH}/Podfile.lock",
				"${PODS_ROOT}/Manifest.lock",
			);
			name = "[CP] Check Pods Manifest.lock";
			outputFileListPaths = (
			);
			outputPaths = (
				"$(DERIVED_FILE_DIR)/Pods-LePla0418-LePla0418UITests-checkManifestLockResult.txt",
			);
			runOnlyForDeploymentPostprocessing = 0;
			shellPath = /bin/sh;
			shellScript = "diff \"${PODS_PODFILE_DIR_PATH}/Podfile.lock\" \"${PODS_ROOT}/Manifest.lock\" > /dev/null\nif [ $? != 0 ] ; then\n    # print error to STDERR\n    echo \"error: The sandbox is not in sync with the Podfile.lock. Run 'pod install' or update your CocoaPods installation.\" >&2\n    exit 1\nfi\n# This output is used by Xcode 'outputs' to avoid re-running this script phase.\necho \"SUCCESS\" > \"${SCRIPT_OUTPUT_FILE_0}\"\n";
			showEnvVarsInLog = 0;
		};
/* End PBXShellScriptBuildPhase section */

/* Begin PBXSourcesBuildPhase section */
		79108421244B0D5100FF78EC /* Sources */ = {
			isa = PBXSourcesBuildPhase;
			buildActionMask = 2147483647;
			files = (
				7916F496244BC5CD0008686C /* UserDefaultsModel.swift in Sources */,
				7910845E244B0D9600FF78EC /* ImDateViewController.swift in Sources */,
				7916F490244B15800008686C /* AddDateViewController.swift in Sources */,
				7938094C244C601300604269 /* AddPlanTableViewController.swift in Sources */,
				7963A9FA2459019A000EDA00 /* Event.swift in Sources */,
				79108461244B0F0B00FF78EC /* ImportantDayTableViewCell.swift in Sources */,
				7916F494244BC5BC0008686C /* AddDate.swift in Sources */,
				79D1C47F244C67460053E649 /* PlanUserDefaultsModel.swift in Sources */,
				7938094A244C489F00604269 /* HomeViewController.swift in Sources */,
				7910842E244B0D5100FF78EC /* LePla0418.xcdatamodeld in Sources */,
				79D1C47D244C67270053E649 /* AddPlan.swift in Sources */,
				79108429244B0D5100FF78EC /* AppDelegate.swift in Sources */,
				7916F498244BD70A0008686C /* ImDetailViewController.swift in Sources */,
				79D1C484244DB2020053E649 /* PlanDetailViewController.swift in Sources */,
				79D1C47A244C66480053E649 /* PlanTableViewCell.swift in Sources */,
			);
			runOnlyForDeploymentPostprocessing = 0;
		};
		7910843A244B0D5100FF78EC /* Sources */ = {
			isa = PBXSourcesBuildPhase;
			buildActionMask = 2147483647;
			files = (
				79108443244B0D5100FF78EC /* LePla0418Tests.swift in Sources */,
			);
			runOnlyForDeploymentPostprocessing = 0;
		};
		79108445244B0D5100FF78EC /* Sources */ = {
			isa = PBXSourcesBuildPhase;
			buildActionMask = 2147483647;
			files = (
				7910844E244B0D5100FF78EC /* LePla0418UITests.swift in Sources */,
			);
			runOnlyForDeploymentPostprocessing = 0;
		};
/* End PBXSourcesBuildPhase section */

/* Begin PBXTargetDependency section */
		79108440244B0D5100FF78EC /* PBXTargetDependency */ = {
			isa = PBXTargetDependency;
			target = 79108424244B0D5100FF78EC /* LePla0418 */;
			targetProxy = 7910843F244B0D5100FF78EC /* PBXContainerItemProxy */;
		};
		7910844B244B0D5100FF78EC /* PBXTargetDependency */ = {
			isa = PBXTargetDependency;
			target = 79108424244B0D5100FF78EC /* LePla0418 */;
			targetProxy = 7910844A244B0D5100FF78EC /* PBXContainerItemProxy */;
		};
/* End PBXTargetDependency section */

/* Begin PBXVariantGroup section */
		79108436244B0D5100FF78EC /* LaunchScreen.storyboard */ = {
			isa = PBXVariantGroup;
			children = (
				79108437244B0D5100FF78EC /* Base */,
			);
			name = LaunchScreen.storyboard;
			sourceTree = "<group>";
		};
/* End PBXVariantGroup section */

/* Begin XCBuildConfiguration section */
		79108450244B0D5100FF78EC /* Debug */ = {
			isa = XCBuildConfiguration;
			buildSettings = {
				ALWAYS_SEARCH_USER_PATHS = NO;
				CLANG_ANALYZER_NONNULL = YES;
				CLANG_ANALYZER_NUMBER_OBJECT_CONVERSION = YES_AGGRESSIVE;
				CLANG_CXX_LANGUAGE_STANDARD = "gnu++14";
				CLANG_CXX_LIBRARY = "libc++";
				CLANG_ENABLE_MODULES = YES;
				CLANG_ENABLE_OBJC_ARC = YES;
				CLANG_ENABLE_OBJC_WEAK = YES;
				CLANG_WARN_BLOCK_CAPTURE_AUTORELEASING = YES;
				CLANG_WARN_BOOL_CONVERSION = YES;
				CLANG_WARN_COMMA = YES;
				CLANG_WARN_CONSTANT_CONVERSION = YES;
				CLANG_WARN_DEPRECATED_OBJC_IMPLEMENTATIONS = YES;
				CLANG_WARN_DIRECT_OBJC_ISA_USAGE = YES_ERROR;
				CLANG_WARN_DOCUMENTATION_COMMENTS = YES;
				CLANG_WARN_EMPTY_BODY = YES;
				CLANG_WARN_ENUM_CONVERSION = YES;
				CLANG_WARN_INFINITE_RECURSION = YES;
				CLANG_WARN_INT_CONVERSION = YES;
				CLANG_WARN_NON_LITERAL_NULL_CONVERSION = YES;
				CLANG_WARN_OBJC_IMPLICIT_RETAIN_SELF = YES;
				CLANG_WARN_OBJC_LITERAL_CONVERSION = YES;
				CLANG_WARN_OBJC_ROOT_CLASS = YES_ERROR;
				CLANG_WARN_RANGE_LOOP_ANALYSIS = YES;
				CLANG_WARN_STRICT_PROTOTYPES = YES;
				CLANG_WARN_SUSPICIOUS_MOVE = YES;
				CLANG_WARN_UNGUARDED_AVAILABILITY = YES_AGGRESSIVE;
				CLANG_WARN_UNREACHABLE_CODE = YES;
				CLANG_WARN__DUPLICATE_METHOD_MATCH = YES;
				COPY_PHASE_STRIP = NO;
				DEBUG_INFORMATION_FORMAT = dwarf;
				ENABLE_STRICT_OBJC_MSGSEND = YES;
				ENABLE_TESTABILITY = YES;
				GCC_C_LANGUAGE_STANDARD = gnu11;
				GCC_DYNAMIC_NO_PIC = NO;
				GCC_NO_COMMON_BLOCKS = YES;
				GCC_OPTIMIZATION_LEVEL = 0;
				GCC_PREPROCESSOR_DEFINITIONS = (
					"DEBUG=1",
					"$(inherited)",
				);
				GCC_WARN_64_TO_32_BIT_CONVERSION = YES;
				GCC_WARN_ABOUT_RETURN_TYPE = YES_ERROR;
				GCC_WARN_UNDECLARED_SELECTOR = YES;
				GCC_WARN_UNINITIALIZED_AUTOS = YES_AGGRESSIVE;
				GCC_WARN_UNUSED_FUNCTION = YES;
				GCC_WARN_UNUSED_VARIABLE = YES;
				IPHONEOS_DEPLOYMENT_TARGET = 13.2;
				MTL_ENABLE_DEBUG_INFO = INCLUDE_SOURCE;
				MTL_FAST_MATH = YES;
				ONLY_ACTIVE_ARCH = YES;
				SDKROOT = iphoneos;
				SWIFT_ACTIVE_COMPILATION_CONDITIONS = DEBUG;
				SWIFT_OPTIMIZATION_LEVEL = "-Onone";
			};
			name = Debug;
		};
		79108451244B0D5100FF78EC /* Release */ = {
			isa = XCBuildConfiguration;
			buildSettings = {
				ALWAYS_SEARCH_USER_PATHS = NO;
				CLANG_ANALYZER_NONNULL = YES;
				CLANG_ANALYZER_NUMBER_OBJECT_CONVERSION = YES_AGGRESSIVE;
				CLANG_CXX_LANGUAGE_STANDARD = "gnu++14";
				CLANG_CXX_LIBRARY = "libc++";
				CLANG_ENABLE_MODULES = YES;
				CLANG_ENABLE_OBJC_ARC = YES;
				CLANG_ENABLE_OBJC_WEAK = YES;
				CLANG_WARN_BLOCK_CAPTURE_AUTORELEASING = YES;
				CLANG_WARN_BOOL_CONVERSION = YES;
				CLANG_WARN_COMMA = YES;
				CLANG_WARN_CONSTANT_CONVERSION = YES;
				CLANG_WARN_DEPRECATED_OBJC_IMPLEMENTATIONS = YES;
				CLANG_WARN_DIRECT_OBJC_ISA_USAGE = YES_ERROR;
				CLANG_WARN_DOCUMENTATION_COMMENTS = YES;
				CLANG_WARN_EMPTY_BODY = YES;
				CLANG_WARN_ENUM_CONVERSION = YES;
				CLANG_WARN_INFINITE_RECURSION = YES;
				CLANG_WARN_INT_CONVERSION = YES;
				CLANG_WARN_NON_LITERAL_NULL_CONVERSION = YES;
				CLANG_WARN_OBJC_IMPLICIT_RETAIN_SELF = YES;
				CLANG_WARN_OBJC_LITERAL_CONVERSION = YES;
				CLANG_WARN_OBJC_ROOT_CLASS = YES_ERROR;
				CLANG_WARN_RANGE_LOOP_ANALYSIS = YES;
				CLANG_WARN_STRICT_PROTOTYPES = YES;
				CLANG_WARN_SUSPICIOUS_MOVE = YES;
				CLANG_WARN_UNGUARDED_AVAILABILITY = YES_AGGRESSIVE;
				CLANG_WARN_UNREACHABLE_CODE = YES;
				CLANG_WARN__DUPLICATE_METHOD_MATCH = YES;
				COPY_PHASE_STRIP = NO;
				DEBUG_INFORMATION_FORMAT = "dwarf-with-dsym";
				ENABLE_NS_ASSERTIONS = NO;
				ENABLE_STRICT_OBJC_MSGSEND = YES;
				GCC_C_LANGUAGE_STANDARD = gnu11;
				GCC_NO_COMMON_BLOCKS = YES;
				GCC_WARN_64_TO_32_BIT_CONVERSION = YES;
				GCC_WARN_ABOUT_RETURN_TYPE = YES_ERROR;
				GCC_WARN_UNDECLARED_SELECTOR = YES;
				GCC_WARN_UNINITIALIZED_AUTOS = YES_AGGRESSIVE;
				GCC_WARN_UNUSED_FUNCTION = YES;
				GCC_WARN_UNUSED_VARIABLE = YES;
				IPHONEOS_DEPLOYMENT_TARGET = 13.2;
				MTL_ENABLE_DEBUG_INFO = NO;
				MTL_FAST_MATH = YES;
				SDKROOT = iphoneos;
				SWIFT_COMPILATION_MODE = wholemodule;
				SWIFT_OPTIMIZATION_LEVEL = "-O";
				VALIDATE_PRODUCT = YES;
			};
			name = Release;
		};
		79108453244B0D5200FF78EC /* Debug */ = {
			isa = XCBuildConfiguration;
			baseConfigurationReference = BC431E0FF9604DE709194578 /* Pods-LePla0418.debug.xcconfig */;
			buildSettings = {
				ASSETCATALOG_COMPILER_APPICON_NAME = AppIcon;
				CODE_SIGN_STYLE = Automatic;
				DEVELOPMENT_ASSET_PATHS = "\"LePla0418/Preview Content\"";
				ENABLE_PREVIEWS = YES;
				INFOPLIST_FILE = LePla0418/Info.plist;
				LD_RUNPATH_SEARCH_PATHS = (
					"$(inherited)",
					"@executable_path/Frameworks",
				);
				PRODUCT_BUNDLE_IDENTIFIER = com.litech.LePla0418;
				PRODUCT_NAME = "$(TARGET_NAME)";
				SWIFT_VERSION = 5.0;
				TARGETED_DEVICE_FAMILY = "1,2";
			};
			name = Debug;
		};
		79108454244B0D5200FF78EC /* Release */ = {
			isa = XCBuildConfiguration;
			baseConfigurationReference = B108028BC52ACF01C8A118AA /* Pods-LePla0418.release.xcconfig */;
			buildSettings = {
				ASSETCATALOG_COMPILER_APPICON_NAME = AppIcon;
				CODE_SIGN_STYLE = Automatic;
				DEVELOPMENT_ASSET_PATHS = "\"LePla0418/Preview Content\"";
				ENABLE_PREVIEWS = YES;
				INFOPLIST_FILE = LePla0418/Info.plist;
				LD_RUNPATH_SEARCH_PATHS = (
					"$(inherited)",
					"@executable_path/Frameworks",
				);
				PRODUCT_BUNDLE_IDENTIFIER = com.litech.LePla0418;
				PRODUCT_NAME = "$(TARGET_NAME)";
				SWIFT_VERSION = 5.0;
				TARGETED_DEVICE_FAMILY = "1,2";
			};
			name = Release;
		};
		79108456244B0D5200FF78EC /* Debug */ = {
			isa = XCBuildConfiguration;
			baseConfigurationReference = 0B366F338D69BEFBE9505458 /* Pods-LePla0418Tests.debug.xcconfig */;
			buildSettings = {
				ALWAYS_EMBED_SWIFT_STANDARD_LIBRARIES = YES;
				BUNDLE_LOADER = "$(TEST_HOST)";
				CODE_SIGN_STYLE = Automatic;
				INFOPLIST_FILE = LePla0418Tests/Info.plist;
				IPHONEOS_DEPLOYMENT_TARGET = 13.2;
				LD_RUNPATH_SEARCH_PATHS = (
					"$(inherited)",
					"@executable_path/Frameworks",
					"@loader_path/Frameworks",
				);
				PRODUCT_BUNDLE_IDENTIFIER = com.litech.LePla0418Tests;
				PRODUCT_NAME = "$(TARGET_NAME)";
				SWIFT_VERSION = 5.0;
				TARGETED_DEVICE_FAMILY = "1,2";
				TEST_HOST = "$(BUILT_PRODUCTS_DIR)/LePla0418.app/LePla0418";
			};
			name = Debug;
		};
		79108457244B0D5200FF78EC /* Release */ = {
			isa = XCBuildConfiguration;
			baseConfigurationReference = AE285874D45D3557100CD793 /* Pods-LePla0418Tests.release.xcconfig */;
			buildSettings = {
				ALWAYS_EMBED_SWIFT_STANDARD_LIBRARIES = YES;
				BUNDLE_LOADER = "$(TEST_HOST)";
				CODE_SIGN_STYLE = Automatic;
				INFOPLIST_FILE = LePla0418Tests/Info.plist;
				IPHONEOS_DEPLOYMENT_TARGET = 13.2;
				LD_RUNPATH_SEARCH_PATHS = (
					"$(inherited)",
					"@executable_path/Frameworks",
					"@loader_path/Frameworks",
				);
				PRODUCT_BUNDLE_IDENTIFIER = com.litech.LePla0418Tests;
				PRODUCT_NAME = "$(TARGET_NAME)";
				SWIFT_VERSION = 5.0;
				TARGETED_DEVICE_FAMILY = "1,2";
				TEST_HOST = "$(BUILT_PRODUCTS_DIR)/LePla0418.app/LePla0418";
			};
			name = Release;
		};
		79108459244B0D5200FF78EC /* Debug */ = {
			isa = XCBuildConfiguration;
			baseConfigurationReference = 62815A08B6109DFC0C345B43 /* Pods-LePla0418-LePla0418UITests.debug.xcconfig */;
			buildSettings = {
				ALWAYS_EMBED_SWIFT_STANDARD_LIBRARIES = YES;
				CODE_SIGN_STYLE = Automatic;
				INFOPLIST_FILE = LePla0418UITests/Info.plist;
				LD_RUNPATH_SEARCH_PATHS = (
					"$(inherited)",
					"@executable_path/Frameworks",
					"@loader_path/Frameworks",
				);
				PRODUCT_BUNDLE_IDENTIFIER = com.litech.LePla0418UITests;
				PRODUCT_NAME = "$(TARGET_NAME)";
				SWIFT_VERSION = 5.0;
				TARGETED_DEVICE_FAMILY = "1,2";
				TEST_TARGET_NAME = LePla0418;
			};
			name = Debug;
		};
		7910845A244B0D5200FF78EC /* Release */ = {
			isa = XCBuildConfiguration;
			baseConfigurationReference = 59A78C7938660D3D23DAEF96 /* Pods-LePla0418-LePla0418UITests.release.xcconfig */;
			buildSettings = {
				ALWAYS_EMBED_SWIFT_STANDARD_LIBRARIES = YES;
				CODE_SIGN_STYLE = Automatic;
				INFOPLIST_FILE = LePla0418UITests/Info.plist;
				LD_RUNPATH_SEARCH_PATHS = (
					"$(inherited)",
					"@executable_path/Frameworks",
					"@loader_path/Frameworks",
				);
				PRODUCT_BUNDLE_IDENTIFIER = com.litech.LePla0418UITests;
				PRODUCT_NAME = "$(TARGET_NAME)";
				SWIFT_VERSION = 5.0;
				TARGETED_DEVICE_FAMILY = "1,2";
				TEST_TARGET_NAME = LePla0418;
			};
			name = Release;
		};
/* End XCBuildConfiguration section */

/* Begin XCConfigurationList section */
		79108420244B0D5100FF78EC /* Build configuration list for PBXProject "LePla0418" */ = {
			isa = XCConfigurationList;
			buildConfigurations = (
				79108450244B0D5100FF78EC /* Debug */,
				79108451244B0D5100FF78EC /* Release */,
			);
			defaultConfigurationIsVisible = 0;
			defaultConfigurationName = Release;
		};
		79108452244B0D5200FF78EC /* Build configuration list for PBXNativeTarget "LePla0418" */ = {
			isa = XCConfigurationList;
			buildConfigurations = (
				79108453244B0D5200FF78EC /* Debug */,
				79108454244B0D5200FF78EC /* Release */,
			);
			defaultConfigurationIsVisible = 0;
			defaultConfigurationName = Release;
		};
		79108455244B0D5200FF78EC /* Build configuration list for PBXNativeTarget "LePla0418Tests" */ = {
			isa = XCConfigurationList;
			buildConfigurations = (
				79108456244B0D5200FF78EC /* Debug */,
				79108457244B0D5200FF78EC /* Release */,
			);
			defaultConfigurationIsVisible = 0;
			defaultConfigurationName = Release;
		};
		79108458244B0D5200FF78EC /* Build configuration list for PBXNativeTarget "LePla0418UITests" */ = {
			isa = XCConfigurationList;
			buildConfigurations = (
				79108459244B0D5200FF78EC /* Debug */,
				7910845A244B0D5200FF78EC /* Release */,
			);
			defaultConfigurationIsVisible = 0;
			defaultConfigurationName = Release;
		};
/* End XCConfigurationList section */

/* Begin XCVersionGroup section */
		7910842C244B0D5100FF78EC /* LePla0418.xcdatamodeld */ = {
			isa = XCVersionGroup;
			children = (
				7910842D244B0D5100FF78EC /* LePla0418.xcdatamodel */,
			);
			currentVersion = 7910842D244B0D5100FF78EC /* LePla0418.xcdatamodel */;
			path = LePla0418.xcdatamodeld;
			sourceTree = "<group>";
			versionGroupType = wrapper.xcdatamodel;
		};
/* End XCVersionGroup section */
	};
	rootObject = 7910841D244B0D5100FF78EC /* Project object */;
}
